// !$*UTF8*$!
{
	archiveVersion = 1;
	classes = {
	};
	objectVersion = 56;
	objects = {

/* Begin PBXBuildFile section */
		B60D07E02AA9618A0005B4DE /* MatchedGeometryEffectView.swift in Sources */ = {isa = PBXBuildFile; fileRef = B60D07DF2AA9618A0005B4DE /* MatchedGeometryEffectView.swift */; };
		B60D07E32AA966550005B4DE /* CustomShapeView.swift in Sources */ = {isa = PBXBuildFile; fileRef = B60D07E22AA966550005B4DE /* CustomShapeView.swift */; };
		B60D07E62AA9A64E0005B4DE /* GenericView.swift in Sources */ = {isa = PBXBuildFile; fileRef = B60D07E52AA9A64E0005B4DE /* GenericView.swift */; };
		B60D07E92AA9AAA40005B4DE /* ViewBuilderView.swift in Sources */ = {isa = PBXBuildFile; fileRef = B60D07E82AA9AAA40005B4DE /* ViewBuilderView.swift */; };
		B6B6B73A2AA849CC00FA5A58 /* AdvancedSwiftUIApp.swift in Sources */ = {isa = PBXBuildFile; fileRef = B6B6B7392AA849CC00FA5A58 /* AdvancedSwiftUIApp.swift */; };
		B6B6B73E2AA849CD00FA5A58 /* Assets.xcassets in Resources */ = {isa = PBXBuildFile; fileRef = B6B6B73D2AA849CD00FA5A58 /* Assets.xcassets */; };
		B6B6B7422AA849CD00FA5A58 /* Preview Assets.xcassets in Resources */ = {isa = PBXBuildFile; fileRef = B6B6B7412AA849CD00FA5A58 /* Preview Assets.xcassets */; };
		B6B6B74A2AA84A3200FA5A58 /* ViewModifierView.swift in Sources */ = {isa = PBXBuildFile; fileRef = B6B6B7492AA84A3200FA5A58 /* ViewModifierView.swift */; };
		B6B6B7502AA84E2F00FA5A58 /* CustomButtonStyleView.swift in Sources */ = {isa = PBXBuildFile; fileRef = B6B6B74F2AA84E2F00FA5A58 /* CustomButtonStyleView.swift */; };
		B6B6B7532AA85C5F00FA5A58 /* CustomAnyTransitionView.swift in Sources */ = {isa = PBXBuildFile; fileRef = B6B6B7522AA85C5F00FA5A58 /* CustomAnyTransitionView.swift */; };
/* End PBXBuildFile section */

/* Begin PBXFileReference section */
		B60D07DF2AA9618A0005B4DE /* MatchedGeometryEffectView.swift */ = {isa = PBXFileReference; lastKnownFileType = sourcecode.swift; path = MatchedGeometryEffectView.swift; sourceTree = "<group>"; };
		B60D07E22AA966550005B4DE /* CustomShapeView.swift */ = {isa = PBXFileReference; lastKnownFileType = sourcecode.swift; path = CustomShapeView.swift; sourceTree = "<group>"; };
		B60D07E52AA9A64E0005B4DE /* GenericView.swift */ = {isa = PBXFileReference; lastKnownFileType = sourcecode.swift; path = GenericView.swift; sourceTree = "<group>"; };
		B60D07E82AA9AAA40005B4DE /* ViewBuilderView.swift */ = {isa = PBXFileReference; lastKnownFileType = sourcecode.swift; path = ViewBuilderView.swift; sourceTree = "<group>"; };
		B6B6B7362AA849CC00FA5A58 /* AdvancedSwiftUI.app */ = {isa = PBXFileReference; explicitFileType = wrapper.application; includeInIndex = 0; path = AdvancedSwiftUI.app; sourceTree = BUILT_PRODUCTS_DIR; };
		B6B6B7392AA849CC00FA5A58 /* AdvancedSwiftUIApp.swift */ = {isa = PBXFileReference; lastKnownFileType = sourcecode.swift; path = AdvancedSwiftUIApp.swift; sourceTree = "<group>"; };
		B6B6B73D2AA849CD00FA5A58 /* Assets.xcassets */ = {isa = PBXFileReference; lastKnownFileType = folder.assetcatalog; path = Assets.xcassets; sourceTree = "<group>"; };
		B6B6B73F2AA849CD00FA5A58 /* AdvancedSwiftUI.entitlements */ = {isa = PBXFileReference; lastKnownFileType = text.plist.entitlements; path = AdvancedSwiftUI.entitlements; sourceTree = "<group>"; };
		B6B6B7412AA849CD00FA5A58 /* Preview Assets.xcassets */ = {isa = PBXFileReference; lastKnownFileType = folder.assetcatalog; path = "Preview Assets.xcassets"; sourceTree = "<group>"; };
		B6B6B7492AA84A3200FA5A58 /* ViewModifierView.swift */ = {isa = PBXFileReference; lastKnownFileType = sourcecode.swift; path = ViewModifierView.swift; sourceTree = "<group>"; };
		B6B6B74F2AA84E2F00FA5A58 /* CustomButtonStyleView.swift */ = {isa = PBXFileReference; lastKnownFileType = sourcecode.swift; path = CustomButtonStyleView.swift; sourceTree = "<group>"; };
		B6B6B7522AA85C5F00FA5A58 /* CustomAnyTransitionView.swift */ = {isa = PBXFileReference; lastKnownFileType = sourcecode.swift; path = CustomAnyTransitionView.swift; sourceTree = "<group>"; };
/* End PBXFileReference section */

/* Begin PBXFrameworksBuildPhase section */
		B6B6B7332AA849CC00FA5A58 /* Frameworks */ = {
			isa = PBXFrameworksBuildPhase;
			buildActionMask = 2147483647;
			files = (
			);
			runOnlyForDeploymentPostprocessing = 0;
		};
/* End PBXFrameworksBuildPhase section */

/* Begin PBXGroup section */
		B60D07E12AA966390005B4DE /* CustomShape */ = {
			isa = PBXGroup;
			children = (
				B60D07E22AA966550005B4DE /* CustomShapeView.swift */,
			);
			path = CustomShape;
			sourceTree = "<group>";
		};
		B60D07E42AA9A5A70005B4DE /* Generic */ = {
			isa = PBXGroup;
			children = (
				B60D07E52AA9A64E0005B4DE /* GenericView.swift */,
			);
			path = Generic;
			sourceTree = "<group>";
		};
		B60D07E72AA9AA930005B4DE /* ViewBuilder */ = {
			isa = PBXGroup;
			children = (
				B60D07E82AA9AAA40005B4DE /* ViewBuilderView.swift */,
			);
			path = ViewBuilder;
			sourceTree = "<group>";
		};
		B6B6B72D2AA849CC00FA5A58 = {
			isa = PBXGroup;
			children = (
				B6B6B7382AA849CC00FA5A58 /* AdvancedSwiftUI */,
				B6B6B7372AA849CC00FA5A58 /* Products */,
			);
			sourceTree = "<group>";
		};
		B6B6B7372AA849CC00FA5A58 /* Products */ = {
			isa = PBXGroup;
			children = (
				B6B6B7362AA849CC00FA5A58 /* AdvancedSwiftUI.app */,
			);
			name = Products;
			sourceTree = "<group>";
		};
		B6B6B7382AA849CC00FA5A58 /* AdvancedSwiftUI */ = {
			isa = PBXGroup;
			children = (
				B60D07E72AA9AA930005B4DE /* ViewBuilder */,
				B60D07E42AA9A5A70005B4DE /* Generic */,
				B60D07E12AA966390005B4DE /* CustomShape */,
				B6B6B7542AA87AF600FA5A58 /* MatchedGeometryEffect */,
				B6B6B7512AA85C0600FA5A58 /* CustomAnyTransition */,
				B6B6B74C2AA84DFD00FA5A58 /* CustomButtonStyle */,
				B6B6B7482AA84A2300FA5A58 /* ViewModifier */,
				B6B6B7392AA849CC00FA5A58 /* AdvancedSwiftUIApp.swift */,
				B6B6B73D2AA849CD00FA5A58 /* Assets.xcassets */,
				B6B6B73F2AA849CD00FA5A58 /* AdvancedSwiftUI.entitlements */,
				B6B6B7402AA849CD00FA5A58 /* Preview Content */,
			);
			path = AdvancedSwiftUI;
			sourceTree = "<group>";
		};
		B6B6B7402AA849CD00FA5A58 /* Preview Content */ = {
			isa = PBXGroup;
			children = (
				B6B6B7412AA849CD00FA5A58 /* Preview Assets.xcassets */,
			);
			path = "Preview Content";
			sourceTree = "<group>";
		};
		B6B6B7482AA84A2300FA5A58 /* ViewModifier */ = {
			isa = PBXGroup;
			children = (
				B6B6B7492AA84A3200FA5A58 /* ViewModifierView.swift */,
			);
			path = ViewModifier;
			sourceTree = "<group>";
		};
		B6B6B74C2AA84DFD00FA5A58 /* CustomButtonStyle */ = {
			isa = PBXGroup;
			children = (
				B6B6B74F2AA84E2F00FA5A58 /* CustomButtonStyleView.swift */,
			);
			path = CustomButtonStyle;
			sourceTree = "<group>";
		};
		B6B6B7512AA85C0600FA5A58 /* CustomAnyTransition */ = {
			isa = PBXGroup;
			children = (
				B6B6B7522AA85C5F00FA5A58 /* CustomAnyTransitionView.swift */,
			);
			path = CustomAnyTransition;
			sourceTree = "<group>";
		};
		B6B6B7542AA87AF600FA5A58 /* MatchedGeometryEffect */ = {
			isa = PBXGroup;
			children = (
				B60D07DF2AA9618A0005B4DE /* MatchedGeometryEffectView.swift */,
			);
			path = MatchedGeometryEffect;
			sourceTree = "<group>";
		};
/* End PBXGroup section */

/* Begin PBXNativeTarget section */
		B6B6B7352AA849CC00FA5A58 /* AdvancedSwiftUI */ = {
			isa = PBXNativeTarget;
			buildConfigurationList = B6B6B7452AA849CD00FA5A58 /* Build configuration list for PBXNativeTarget "AdvancedSwiftUI" */;
			buildPhases = (
				B6B6B7322AA849CC00FA5A58 /* Sources */,
				B6B6B7332AA849CC00FA5A58 /* Frameworks */,
				B6B6B7342AA849CC00FA5A58 /* Resources */,
			);
			buildRules = (
			);
			dependencies = (
			);
			name = AdvancedSwiftUI;
			productName = AdvancedSwiftUI;
			productReference = B6B6B7362AA849CC00FA5A58 /* AdvancedSwiftUI.app */;
			productType = "com.apple.product-type.application";
		};
/* End PBXNativeTarget section */

/* Begin PBXProject section */
		B6B6B72E2AA849CC00FA5A58 /* Project object */ = {
			isa = PBXProject;
			attributes = {
				BuildIndependentTargetsInParallel = 1;
				LastSwiftUpdateCheck = 1420;
				LastUpgradeCheck = 1420;
				TargetAttributes = {
					B6B6B7352AA849CC00FA5A58 = {
						CreatedOnToolsVersion = 14.2;
					};
				};
			};
			buildConfigurationList = B6B6B7312AA849CC00FA5A58 /* Build configuration list for PBXProject "AdvancedSwiftUI" */;
			compatibilityVersion = "Xcode 14.0";
			developmentRegion = en;
			hasScannedForEncodings = 0;
			knownRegions = (
				en,
				Base,
			);
			mainGroup = B6B6B72D2AA849CC00FA5A58;
			productRefGroup = B6B6B7372AA849CC00FA5A58 /* Products */;
			projectDirPath = "";
			projectRoot = "";
			targets = (
				B6B6B7352AA849CC00FA5A58 /* AdvancedSwiftUI */,
			);
		};
/* End PBXProject section */

/* Begin PBXResourcesBuildPhase section */
		B6B6B7342AA849CC00FA5A58 /* Resources */ = {
			isa = PBXResourcesBuildPhase;
			buildActionMask = 2147483647;
			files = (
				B6B6B7422AA849CD00FA5A58 /* Preview Assets.xcassets in Resources */,
				B6B6B73E2AA849CD00FA5A58 /* Assets.xcassets in Resources */,
			);
			runOnlyForDeploymentPostprocessing = 0;
		};
/* End PBXResourcesBuildPhase section */

/* Begin PBXSourcesBuildPhase section */
		B6B6B7322AA849CC00FA5A58 /* Sources */ = {
			isa = PBXSourcesBuildPhase;
			buildActionMask = 2147483647;
			files = (
				B60D07E62AA9A64E0005B4DE /* GenericView.swift in Sources */,
				B60D07E02AA9618A0005B4DE /* MatchedGeometryEffectView.swift in Sources */,
				B6B6B73A2AA849CC00FA5A58 /* AdvancedSwiftUIApp.swift in Sources */,
				B6B6B7532AA85C5F00FA5A58 /* CustomAnyTransitionView.swift in Sources */,
				B60D07E32AA966550005B4DE /* CustomShapeView.swift in Sources */,
				B60D07E92AA9AAA40005B4DE /* ViewBuilderView.swift in Sources */,
				B6B6B7502AA84E2F00FA5A58 /* CustomButtonStyleView.swift in Sources */,
				B6B6B74A2AA84A3200FA5A58 /* ViewModifierView.swift in Sources */,
			);
			runOnlyForDeploymentPostprocessing = 0;
		};
/* End PBXSourcesBuildPhase section */

/* Begin XCBuildConfiguration section */
		B6B6B7432AA849CD00FA5A58 /* Debug */ = {
			isa = XCBuildConfiguration;
			buildSettings = {
				ALWAYS_SEARCH_USER_PATHS = NO;
				CLANG_ANALYZER_NONNULL = YES;
				CLANG_ANALYZER_NUMBER_OBJECT_CONVERSION = YES_AGGRESSIVE;
				CLANG_CXX_LANGUAGE_STANDARD = "gnu++20";
				CLANG_ENABLE_MODULES = YES;
				CLANG_ENABLE_OBJC_ARC = YES;
				CLANG_ENABLE_OBJC_WEAK = YES;
				CLANG_WARN_BLOCK_CAPTURE_AUTORELEASING = YES;
				CLANG_WARN_BOOL_CONVERSION = YES;
				CLANG_WARN_COMMA = YES;
				CLANG_WARN_CONSTANT_CONVERSION = YES;
				CLANG_WARN_DEPRECATED_OBJC_IMPLEMENTATIONS = YES;
				CLANG_WARN_DIRECT_OBJC_ISA_USAGE = YES_ERROR;
				CLANG_WARN_DOCUMENTATION_COMMENTS = YES;
				CLANG_WARN_EMPTY_BODY = YES;
				CLANG_WARN_ENUM_CONVERSION = YES;
				CLANG_WARN_INFINITE_RECURSION = YES;
				CLANG_WARN_INT_CONVERSION = YES;
				CLANG_WARN_NON_LITERAL_NULL_CONVERSION = YES;
				CLANG_WARN_OBJC_IMPLICIT_RETAIN_SELF = YES;
				CLANG_WARN_OBJC_LITERAL_CONVERSION = YES;
				CLANG_WARN_OBJC_ROOT_CLASS = YES_ERROR;
				CLANG_WARN_QUOTED_INCLUDE_IN_FRAMEWORK_HEADER = YES;
				CLANG_WARN_RANGE_LOOP_ANALYSIS = YES;
				CLANG_WARN_STRICT_PROTOTYPES = YES;
				CLANG_WARN_SUSPICIOUS_MOVE = YES;
				CLANG_WARN_UNGUARDED_AVAILABILITY = YES_AGGRESSIVE;
				CLANG_WARN_UNREACHABLE_CODE = YES;
				CLANG_WARN__DUPLICATE_METHOD_MATCH = YES;
				COPY_PHASE_STRIP = NO;
				DEBUG_INFORMATION_FORMAT = dwarf;
				ENABLE_STRICT_OBJC_MSGSEND = YES;
				ENABLE_TESTABILITY = YES;
				GCC_C_LANGUAGE_STANDARD = gnu11;
				GCC_DYNAMIC_NO_PIC = NO;
				GCC_NO_COMMON_BLOCKS = YES;
				GCC_OPTIMIZATION_LEVEL = 0;
				GCC_PREPROCESSOR_DEFINITIONS = (
					"DEBUG=1",
					"$(inherited)",
				);
				GCC_WARN_64_TO_32_BIT_CONVERSION = YES;
				GCC_WARN_ABOUT_RETURN_TYPE = YES_ERROR;
				GCC_WARN_UNDECLARED_SELECTOR = YES;
				GCC_WARN_UNINITIALIZED_AUTOS = YES_AGGRESSIVE;
				GCC_WARN_UNUSED_FUNCTION = YES;
				GCC_WARN_UNUSED_VARIABLE = YES;
				MTL_ENABLE_DEBUG_INFO = INCLUDE_SOURCE;
				MTL_FAST_MATH = YES;
				ONLY_ACTIVE_ARCH = YES;
				SWIFT_ACTIVE_COMPILATION_CONDITIONS = DEBUG;
				SWIFT_OPTIMIZATION_LEVEL = "-Onone";
			};
			name = Debug;
		};
		B6B6B7442AA849CD00FA5A58 /* Release */ = {
			isa = XCBuildConfiguration;
			buildSettings = {
				ALWAYS_SEARCH_USER_PATHS = NO;
				CLANG_ANALYZER_NONNULL = YES;
				CLANG_ANALYZER_NUMBER_OBJECT_CONVERSION = YES_AGGRESSIVE;
				CLANG_CXX_LANGUAGE_STANDARD = "gnu++20";
				CLANG_ENABLE_MODULES = YES;
				CLANG_ENABLE_OBJC_ARC = YES;
				CLANG_ENABLE_OBJC_WEAK = YES;
				CLANG_WARN_BLOCK_CAPTURE_AUTORELEASING = YES;
				CLANG_WARN_BOOL_CONVERSION = YES;
				CLANG_WARN_COMMA = YES;
				CLANG_WARN_CONSTANT_CONVERSION = YES;
				CLANG_WARN_DEPRECATED_OBJC_IMPLEMENTATIONS = YES;
				CLANG_WARN_DIRECT_OBJC_ISA_USAGE = YES_ERROR;
				CLANG_WARN_DOCUMENTATION_COMMENTS = YES;
				CLANG_WARN_EMPTY_BODY = YES;
				CLANG_WARN_ENUM_CONVERSION = YES;
				CLANG_WARN_INFINITE_RECURSION = YES;
				CLANG_WARN_INT_CONVERSION = YES;
				CLANG_WARN_NON_LITERAL_NULL_CONVERSION = YES;
				CLANG_WARN_OBJC_IMPLICIT_RETAIN_SELF = YES;
				CLANG_WARN_OBJC_LITERAL_CONVERSION = YES;
				CLANG_WARN_OBJC_ROOT_CLASS = YES_ERROR;
				CLANG_WARN_QUOTED_INCLUDE_IN_FRAMEWORK_HEADER = YES;
				CLANG_WARN_RANGE_LOOP_ANALYSIS = YES;
				CLANG_WARN_STRICT_PROTOTYPES = YES;
				CLANG_WARN_SUSPICIOUS_MOVE = YES;
				CLANG_WARN_UNGUARDED_AVAILABILITY = YES_AGGRESSIVE;
				CLANG_WARN_UNREACHABLE_CODE = YES;
				CLANG_WARN__DUPLICATE_METHOD_MATCH = YES;
				COPY_PHASE_STRIP = NO;
				DEBUG_INFORMATION_FORMAT = "dwarf-with-dsym";
				ENABLE_NS_ASSERTIONS = NO;
				ENABLE_STRICT_OBJC_MSGSEND = YES;
				GCC_C_LANGUAGE_STANDARD = gnu11;
				GCC_NO_COMMON_BLOCKS = YES;
				GCC_WARN_64_TO_32_BIT_CONVERSION = YES;
				GCC_WARN_ABOUT_RETURN_TYPE = YES_ERROR;
				GCC_WARN_UNDECLARED_SELECTOR = YES;
				GCC_WARN_UNINITIALIZED_AUTOS = YES_AGGRESSIVE;
				GCC_WARN_UNUSED_FUNCTION = YES;
				GCC_WARN_UNUSED_VARIABLE = YES;
				MTL_ENABLE_DEBUG_INFO = NO;
				MTL_FAST_MATH = YES;
				SWIFT_COMPILATION_MODE = wholemodule;
				SWIFT_OPTIMIZATION_LEVEL = "-O";
			};
			name = Release;
		};
		B6B6B7462AA849CD00FA5A58 /* Debug */ = {
			isa = XCBuildConfiguration;
			buildSettings = {
				ASSETCATALOG_COMPILER_APPICON_NAME = AppIcon;
				ASSETCATALOG_COMPILER_GLOBAL_ACCENT_COLOR_NAME = AccentColor;
				CODE_SIGN_ENTITLEMENTS = AdvancedSwiftUI/AdvancedSwiftUI.entitlements;
				CODE_SIGN_STYLE = Automatic;
				CURRENT_PROJECT_VERSION = 1;
				DEVELOPMENT_ASSET_PATHS = "\"AdvancedSwiftUI/Preview Content\"";
				DEVELOPMENT_TEAM = FUV2GHVQ46;
				ENABLE_HARDENED_RUNTIME = YES;
				ENABLE_PREVIEWS = YES;
				GENERATE_INFOPLIST_FILE = YES;
				"INFOPLIST_KEY_UIApplicationSceneManifest_Generation[sdk=iphoneos*]" = YES;
				"INFOPLIST_KEY_UIApplicationSceneManifest_Generation[sdk=iphonesimulator*]" = YES;
				"INFOPLIST_KEY_UIApplicationSupportsIndirectInputEvents[sdk=iphoneos*]" = YES;
				"INFOPLIST_KEY_UIApplicationSupportsIndirectInputEvents[sdk=iphonesimulator*]" = YES;
				"INFOPLIST_KEY_UILaunchScreen_Generation[sdk=iphoneos*]" = YES;
				"INFOPLIST_KEY_UILaunchScreen_Generation[sdk=iphonesimulator*]" = YES;
				"INFOPLIST_KEY_UIStatusBarStyle[sdk=iphoneos*]" = UIStatusBarStyleDefault;
				"INFOPLIST_KEY_UIStatusBarStyle[sdk=iphonesimulator*]" = UIStatusBarStyleDefault;
				INFOPLIST_KEY_UISupportedInterfaceOrientations_iPad = "UIInterfaceOrientationPortrait UIInterfaceOrientationPortraitUpsideDown UIInterfaceOrientationLandscapeLeft UIInterfaceOrientationLandscapeRight";
				INFOPLIST_KEY_UISupportedInterfaceOrientations_iPhone = "UIInterfaceOrientationPortrait UIInterfaceOrientationLandscapeLeft UIInterfaceOrientationLandscapeRight";
				IPHONEOS_DEPLOYMENT_TARGET = 16.2;
				LD_RUNPATH_SEARCH_PATHS = "@executable_path/Frameworks";
				"LD_RUNPATH_SEARCH_PATHS[sdk=macosx*]" = "@executable_path/../Frameworks";
				MACOSX_DEPLOYMENT_TARGET = 13.1;
				MARKETING_VERSION = 1.0;
				PRODUCT_BUNDLE_IDENTIFIER = geonhui.AdvancedSwiftUI;
				PRODUCT_NAME = "$(TARGET_NAME)";
				SDKROOT = auto;
				SUPPORTED_PLATFORMS = "iphoneos iphonesimulator macosx";
				SWIFT_EMIT_LOC_STRINGS = YES;
				SWIFT_VERSION = 5.0;
				TARGETED_DEVICE_FAMILY = "1,2";
			};
			name = Debug;
		};
		B6B6B7472AA849CD00FA5A58 /* Release */ = {
			isa = XCBuildConfiguration;
			buildSettings = {
				ASSETCATALOG_COMPILER_APPICON_NAME = AppIcon;
				ASSETCATALOG_COMPILER_GLOBAL_ACCENT_COLOR_NAME = AccentColor;
				CODE_SIGN_ENTITLEMENTS = AdvancedSwiftUI/AdvancedSwiftUI.entitlements;
				CODE_SIGN_STYLE = Automatic;
				CURRENT_PROJECT_VERSION = 1;
				DEVELOPMENT_ASSET_PATHS = "\"AdvancedSwiftUI/Preview Content\"";
				DEVELOPMENT_TEAM = FUV2GHVQ46;
				ENABLE_HARDENED_RUNTIME = YES;
				ENABLE_PREVIEWS = YES;
				GENERATE_INFOPLIST_FILE = YES;
				"INFOPLIST_KEY_UIApplicationSceneManifest_Generation[sdk=iphoneos*]" = YES;
				"INFOPLIST_KEY_UIApplicationSceneManifest_Generation[sdk=iphonesimulator*]" = YES;
				"INFOPLIST_KEY_UIApplicationSupportsIndirectInputEvents[sdk=iphoneos*]" = YES;
				"INFOPLIST_KEY_UIApplicationSupportsIndirectInputEvents[sdk=iphonesimulator*]" = YES;
				"INFOPLIST_KEY_UILaunchScreen_Generation[sdk=iphoneos*]" = YES;
				"INFOPLIST_KEY_UILaunchScreen_Generation[sdk=iphonesimulator*]" = YES;
				"INFOPLIST_KEY_UIStatusBarStyle[sdk=iphoneos*]" = UIStatusBarStyleDefault;
				"INFOPLIST_KEY_UIStatusBarStyle[sdk=iphonesimulator*]" = UIStatusBarStyleDefault;
				INFOPLIST_KEY_UISupportedInterfaceOrientations_iPad = "UIInterfaceOrientationPortrait UIInterfaceOrientationPortraitUpsideDown UIInterfaceOrientationLandscapeLeft UIInterfaceOrientationLandscapeRight";
				INFOPLIST_KEY_UISupportedInterfaceOrientations_iPhone = "UIInterfaceOrientationPortrait UIInterfaceOrientationLandscapeLeft UIInterfaceOrientationLandscapeRight";
				IPHONEOS_DEPLOYMENT_TARGET = 16.2;
				LD_RUNPATH_SEARCH_PATHS = "@executable_path/Frameworks";
				"LD_RUNPATH_SEARCH_PATHS[sdk=macosx*]" = "@executable_path/../Frameworks";
				MACOSX_DEPLOYMENT_TARGET = 13.1;
				MARKETING_VERSION = 1.0;
				PRODUCT_BUNDLE_IDENTIFIER = geonhui.AdvancedSwiftUI;
				PRODUCT_NAME = "$(TARGET_NAME)";
				SDKROOT = auto;
				SUPPORTED_PLATFORMS = "iphoneos iphonesimulator macosx";
				SWIFT_EMIT_LOC_STRINGS = YES;
				SWIFT_VERSION = 5.0;
				TARGETED_DEVICE_FAMILY = "1,2";
			};
			name = Release;
		};
/* End XCBuildConfiguration section */

/* Begin XCConfigurationList section */
		B6B6B7312AA849CC00FA5A58 /* Build configuration list for PBXProject "AdvancedSwiftUI" */ = {
			isa = XCConfigurationList;
			buildConfigurations = (
				B6B6B7432AA849CD00FA5A58 /* Debug */,
				B6B6B7442AA849CD00FA5A58 /* Release */,
			);
			defaultConfigurationIsVisible = 0;
			defaultConfigurationName = Release;
		};
		B6B6B7452AA849CD00FA5A58 /* Build configuration list for PBXNativeTarget "AdvancedSwiftUI" */ = {
			isa = XCConfigurationList;
			buildConfigurations = (
				B6B6B7462AA849CD00FA5A58 /* Debug */,
				B6B6B7472AA849CD00FA5A58 /* Release */,
			);
			defaultConfigurationIsVisible = 0;
			defaultConfigurationName = Release;
		};
/* End XCConfigurationList section */
	};
	rootObject = B6B6B72E2AA849CC00FA5A58 /* Project object */;
}
